// !$*UTF8*$!
{
	archiveVersion = 1;
	classes = {
	};
	objectVersion = 46;
	objects = {

/* Begin PBXBuildFile section */
		39374E7616BD5C16004DF1FC /* UIKit.framework in Frameworks */ = {isa = PBXBuildFile; fileRef = 39374E7516BD5C16004DF1FC /* UIKit.framework */; };
		39374E7816BD5C16004DF1FC /* Foundation.framework in Frameworks */ = {isa = PBXBuildFile; fileRef = 39374E7716BD5C16004DF1FC /* Foundation.framework */; };
		39374E7A16BD5C16004DF1FC /* CoreGraphics.framework in Frameworks */ = {isa = PBXBuildFile; fileRef = 39374E7916BD5C16004DF1FC /* CoreGraphics.framework */; };
		39374E8016BD5C16004DF1FC /* InfoPlist.strings in Resources */ = {isa = PBXBuildFile; fileRef = 39374E7E16BD5C16004DF1FC /* InfoPlist.strings */; };
		39374E8216BD5C16004DF1FC /* main.m in Sources */ = {isa = PBXBuildFile; fileRef = 39374E8116BD5C16004DF1FC /* main.m */; };
		39374E8616BD5C16004DF1FC /* PervasiveAppDelegate.m in Sources */ = {isa = PBXBuildFile; fileRef = 39374E8516BD5C16004DF1FC /* PervasiveAppDelegate.m */; };
		39374E8816BD5C16004DF1FC /* Default.png in Resources */ = {isa = PBXBuildFile; fileRef = 39374E8716BD5C16004DF1FC /* Default.png */; };
		39374E8A16BD5C16004DF1FC /* Default@2x.png in Resources */ = {isa = PBXBuildFile; fileRef = 39374E8916BD5C16004DF1FC /* Default@2x.png */; };
		39374E8C16BD5C16004DF1FC /* Default-568h@2x.png in Resources */ = {isa = PBXBuildFile; fileRef = 39374E8B16BD5C16004DF1FC /* Default-568h@2x.png */; };
		39374E9416BD5C16004DF1FC /* SenTestingKit.framework in Frameworks */ = {isa = PBXBuildFile; fileRef = 39374E9316BD5C16004DF1FC /* SenTestingKit.framework */; };
		39374E9516BD5C16004DF1FC /* UIKit.framework in Frameworks */ = {isa = PBXBuildFile; fileRef = 39374E7516BD5C16004DF1FC /* UIKit.framework */; };
		39374E9616BD5C16004DF1FC /* Foundation.framework in Frameworks */ = {isa = PBXBuildFile; fileRef = 39374E7716BD5C16004DF1FC /* Foundation.framework */; };
		39374E9E16BD5C16004DF1FC /* InfoPlist.strings in Resources */ = {isa = PBXBuildFile; fileRef = 39374E9C16BD5C16004DF1FC /* InfoPlist.strings */; };
		39374EA116BD5C16004DF1FC /* QueryManagerTests.m in Sources */ = {isa = PBXBuildFile; fileRef = 39374EA016BD5C16004DF1FC /* QueryManagerTests.m */; };
		39374EAC16BD5C6A004DF1FC /* Query.m in Sources */ = {isa = PBXBuildFile; fileRef = 39374EAB16BD5C6A004DF1FC /* Query.m */; };
		39374EAF16BD5C7A004DF1FC /* Queue.m in Sources */ = {isa = PBXBuildFile; fileRef = 39374EAE16BD5C7A004DF1FC /* Queue.m */; };
		39374EB216BD5C9A004DF1FC /* QueryTicket.m in Sources */ = {isa = PBXBuildFile; fileRef = 39374EB116BD5C9A004DF1FC /* QueryTicket.m */; };
		39374EB516BD5CA6004DF1FC /* QueryManager.m in Sources */ = {isa = PBXBuildFile; fileRef = 39374EB416BD5CA6004DF1FC /* QueryManager.m */; };
		39374EB816BD5D0D004DF1FC /* QueryConcrete.m in Sources */ = {isa = PBXBuildFile; fileRef = 39374EB716BD5D0D004DF1FC /* QueryConcrete.m */; };
		39374EC116BD95B0004DF1FC /* QueryConcrete.m in Sources */ = {isa = PBXBuildFile; fileRef = 39374EB716BD5D0D004DF1FC /* QueryConcrete.m */; };
		39374ED316BEBD41004DF1FC /* Logger.m in Sources */ = {isa = PBXBuildFile; fileRef = 39374ED216BEBD40004DF1FC /* Logger.m */; };
		39374EE216BEFBBF004DF1FC /* Logger.m in Sources */ = {isa = PBXBuildFile; fileRef = 39374ED216BEBD40004DF1FC /* Logger.m */; };
		E33E03C7EEEF4948BFBBB50F /* libPods.a in Frameworks */ = {isa = PBXBuildFile; fileRef = 7E909513EA69481CAF91C590 /* libPods.a */; settings = {}; };
/* End PBXBuildFile section */

/* Begin PBXContainerItemProxy section */
		39374E9716BD5C16004DF1FC /* PBXContainerItemProxy */ = {
			isa = PBXContainerItemProxy;
			containerPortal = 39374E6816BD5C16004DF1FC /* Project object */;
			proxyType = 1;
			remoteGlobalIDString = 39374E7016BD5C16004DF1FC;
			remoteInfo = QueryManager;
		};
/* End PBXContainerItemProxy section */

/* Begin PBXFileReference section */
		39374E7116BD5C16004DF1FC /* QueryManager.app */ = {isa = PBXFileReference; explicitFileType = wrapper.application; includeInIndex = 0; path = QueryManager.app; sourceTree = BUILT_PRODUCTS_DIR; };
		39374E7516BD5C16004DF1FC /* UIKit.framework */ = {isa = PBXFileReference; lastKnownFileType = wrapper.framework; name = UIKit.framework; path = System/Library/Frameworks/UIKit.framework; sourceTree = SDKROOT; };
		39374E7716BD5C16004DF1FC /* Foundation.framework */ = {isa = PBXFileReference; lastKnownFileType = wrapper.framework; name = Foundation.framework; path = System/Library/Frameworks/Foundation.framework; sourceTree = SDKROOT; };
		39374E7916BD5C16004DF1FC /* CoreGraphics.framework */ = {isa = PBXFileReference; lastKnownFileType = wrapper.framework; name = CoreGraphics.framework; path = System/Library/Frameworks/CoreGraphics.framework; sourceTree = SDKROOT; };
		39374E7D16BD5C16004DF1FC /* QueryManager-Info.plist */ = {isa = PBXFileReference; lastKnownFileType = text.plist.xml; path = "QueryManager-Info.plist"; sourceTree = "<group>"; };
		39374E7F16BD5C16004DF1FC /* en */ = {isa = PBXFileReference; lastKnownFileType = text.plist.strings; name = en; path = en.lproj/InfoPlist.strings; sourceTree = "<group>"; };
		39374E8116BD5C16004DF1FC /* main.m */ = {isa = PBXFileReference; lastKnownFileType = sourcecode.c.objc; path = main.m; sourceTree = "<group>"; };
		39374E8316BD5C16004DF1FC /* QueryManager-Prefix.pch */ = {isa = PBXFileReference; lastKnownFileType = sourcecode.c.h; path = "QueryManager-Prefix.pch"; sourceTree = "<group>"; };
		39374E8416BD5C16004DF1FC /* PervasiveAppDelegate.h */ = {isa = PBXFileReference; lastKnownFileType = sourcecode.c.h; path = PervasiveAppDelegate.h; sourceTree = "<group>"; };
		39374E8516BD5C16004DF1FC /* PervasiveAppDelegate.m */ = {isa = PBXFileReference; lastKnownFileType = sourcecode.c.objc; path = PervasiveAppDelegate.m; sourceTree = "<group>"; };
		39374E8716BD5C16004DF1FC /* Default.png */ = {isa = PBXFileReference; lastKnownFileType = image.png; path = Default.png; sourceTree = "<group>"; };
		39374E8916BD5C16004DF1FC /* Default@2x.png */ = {isa = PBXFileReference; lastKnownFileType = image.png; path = "Default@2x.png"; sourceTree = "<group>"; };
		39374E8B16BD5C16004DF1FC /* Default-568h@2x.png */ = {isa = PBXFileReference; lastKnownFileType = image.png; path = "Default-568h@2x.png"; sourceTree = "<group>"; };
		39374E9216BD5C16004DF1FC /* QueryManagerTests.octest */ = {isa = PBXFileReference; explicitFileType = wrapper.cfbundle; includeInIndex = 0; path = QueryManagerTests.octest; sourceTree = BUILT_PRODUCTS_DIR; };
		39374E9316BD5C16004DF1FC /* SenTestingKit.framework */ = {isa = PBXFileReference; lastKnownFileType = wrapper.framework; name = SenTestingKit.framework; path = Library/Frameworks/SenTestingKit.framework; sourceTree = DEVELOPER_DIR; };
		39374E9B16BD5C16004DF1FC /* QueryManagerTests-Info.plist */ = {isa = PBXFileReference; lastKnownFileType = text.plist.xml; path = "QueryManagerTests-Info.plist"; sourceTree = "<group>"; };
		39374E9D16BD5C16004DF1FC /* en */ = {isa = PBXFileReference; lastKnownFileType = text.plist.strings; name = en; path = en.lproj/InfoPlist.strings; sourceTree = "<group>"; };
		39374E9F16BD5C16004DF1FC /* QueryManagerTests.h */ = {isa = PBXFileReference; lastKnownFileType = sourcecode.c.h; path = QueryManagerTests.h; sourceTree = "<group>"; };
		39374EA016BD5C16004DF1FC /* QueryManagerTests.m */ = {isa = PBXFileReference; lastKnownFileType = sourcecode.c.objc; path = QueryManagerTests.m; sourceTree = "<group>"; };
		39374EAA16BD5C6A004DF1FC /* Query.h */ = {isa = PBXFileReference; fileEncoding = 4; lastKnownFileType = sourcecode.c.h; path = Query.h; sourceTree = "<group>"; };
		39374EAB16BD5C6A004DF1FC /* Query.m */ = {isa = PBXFileReference; fileEncoding = 4; lastKnownFileType = sourcecode.c.objc; path = Query.m; sourceTree = "<group>"; };
		39374EAD16BD5C7A004DF1FC /* Queue.h */ = {isa = PBXFileReference; fileEncoding = 4; lastKnownFileType = sourcecode.c.h; path = Queue.h; sourceTree = "<group>"; };
		39374EAE16BD5C7A004DF1FC /* Queue.m */ = {isa = PBXFileReference; fileEncoding = 4; lastKnownFileType = sourcecode.c.objc; path = Queue.m; sourceTree = "<group>"; };
		39374EB016BD5C9A004DF1FC /* QueryTicket.h */ = {isa = PBXFileReference; fileEncoding = 4; lastKnownFileType = sourcecode.c.h; path = QueryTicket.h; sourceTree = "<group>"; };
		39374EB116BD5C9A004DF1FC /* QueryTicket.m */ = {isa = PBXFileReference; fileEncoding = 4; lastKnownFileType = sourcecode.c.objc; path = QueryTicket.m; sourceTree = "<group>"; };
		39374EB316BD5CA6004DF1FC /* QueryManager.h */ = {isa = PBXFileReference; fileEncoding = 4; lastKnownFileType = sourcecode.c.h; path = QueryManager.h; sourceTree = "<group>"; };
		39374EB416BD5CA6004DF1FC /* QueryManager.m */ = {isa = PBXFileReference; fileEncoding = 4; lastKnownFileType = sourcecode.c.objc; path = QueryManager.m; sourceTree = "<group>"; };
		39374EB616BD5D0D004DF1FC /* QueryConcrete.h */ = {isa = PBXFileReference; fileEncoding = 4; lastKnownFileType = sourcecode.c.h; name = QueryConcrete.h; path = QueryManagerTests/QueryConcrete.h; sourceTree = SOURCE_ROOT; };
		39374EB716BD5D0D004DF1FC /* QueryConcrete.m */ = {isa = PBXFileReference; fileEncoding = 4; lastKnownFileType = sourcecode.c.objc; name = QueryConcrete.m; path = QueryManagerTests/QueryConcrete.m; sourceTree = SOURCE_ROOT; };
		39374ED116BEBD40004DF1FC /* Logger.h */ = {isa = PBXFileReference; fileEncoding = 4; lastKnownFileType = sourcecode.c.h; path = Logger.h; sourceTree = "<group>"; };
		39374ED216BEBD40004DF1FC /* Logger.m */ = {isa = PBXFileReference; fileEncoding = 4; lastKnownFileType = sourcecode.c.objc; path = Logger.m; sourceTree = "<group>"; };
		7E909513EA69481CAF91C590 /* libPods.a */ = {isa = PBXFileReference; explicitFileType = archive.ar; includeInIndex = 0; name = libPods.a; path = libPods.a; sourceTree = BUILT_PRODUCTS_DIR; };
		837EAEA557E4411C9CA8C869 /* Pods.xcconfig */ = {isa = PBXFileReference; includeInIndex = 1; lastKnownFileType = text.xcconfig; name = Pods.xcconfig; path = Pods/Pods.xcconfig; sourceTree = SOURCE_ROOT; };
/* End PBXFileReference section */

/* Begin PBXFrameworksBuildPhase section */
		39374E6E16BD5C16004DF1FC /* Frameworks */ = {
			isa = PBXFrameworksBuildPhase;
			buildActionMask = 2147483647;
			files = (
				39374E7616BD5C16004DF1FC /* UIKit.framework in Frameworks */,
				39374E7816BD5C16004DF1FC /* Foundation.framework in Frameworks */,
				39374E7A16BD5C16004DF1FC /* CoreGraphics.framework in Frameworks */,
				E33E03C7EEEF4948BFBBB50F /* libPods.a in Frameworks */,
			);
			runOnlyForDeploymentPostprocessing = 0;
		};
		39374E8E16BD5C16004DF1FC /* Frameworks */ = {
			isa = PBXFrameworksBuildPhase;
			buildActionMask = 2147483647;
			files = (
				39374E9416BD5C16004DF1FC /* SenTestingKit.framework in Frameworks */,
				39374E9516BD5C16004DF1FC /* UIKit.framework in Frameworks */,
				39374E9616BD5C16004DF1FC /* Foundation.framework in Frameworks */,
			);
			runOnlyForDeploymentPostprocessing = 0;
		};
/* End PBXFrameworksBuildPhase section */

/* Begin PBXGroup section */
		39374E6616BD5C16004DF1FC = {
			isa = PBXGroup;
			children = (
				39374E7B16BD5C16004DF1FC /* QueryManager */,
				39374E9916BD5C16004DF1FC /* QueryManagerTests */,
				39374E7416BD5C16004DF1FC /* Frameworks */,
				39374E7216BD5C16004DF1FC /* Products */,
				837EAEA557E4411C9CA8C869 /* Pods.xcconfig */,
			);
			sourceTree = "<group>";
		};
		39374E7216BD5C16004DF1FC /* Products */ = {
			isa = PBXGroup;
			children = (
				39374E7116BD5C16004DF1FC /* QueryManager.app */,
				39374E9216BD5C16004DF1FC /* QueryManagerTests.octest */,
			);
			name = Products;
			sourceTree = "<group>";
		};
		39374E7416BD5C16004DF1FC /* Frameworks */ = {
			isa = PBXGroup;
			children = (
				39374E7516BD5C16004DF1FC /* UIKit.framework */,
				39374E7716BD5C16004DF1FC /* Foundation.framework */,
				39374E7916BD5C16004DF1FC /* CoreGraphics.framework */,
				39374E9316BD5C16004DF1FC /* SenTestingKit.framework */,
				7E909513EA69481CAF91C590 /* libPods.a */,
			);
			name = Frameworks;
			sourceTree = "<group>";
		};
		39374E7B16BD5C16004DF1FC /* QueryManager */ = {
			isa = PBXGroup;
			children = (
				39374E8416BD5C16004DF1FC /* PervasiveAppDelegate.h */,
				39374E8516BD5C16004DF1FC /* PervasiveAppDelegate.m */,
				39374E7C16BD5C16004DF1FC /* Supporting Files */,
				39374EAA16BD5C6A004DF1FC /* Query.h */,
				39374EAB16BD5C6A004DF1FC /* Query.m */,
				39374EAD16BD5C7A004DF1FC /* Queue.h */,
				39374EAE16BD5C7A004DF1FC /* Queue.m */,
				39374EB016BD5C9A004DF1FC /* QueryTicket.h */,
				39374EB116BD5C9A004DF1FC /* QueryTicket.m */,
				39374EB316BD5CA6004DF1FC /* QueryManager.h */,
				39374EB416BD5CA6004DF1FC /* QueryManager.m */,
			);
			path = QueryManager;
			sourceTree = "<group>";
		};
		39374E7C16BD5C16004DF1FC /* Supporting Files */ = {
			isa = PBXGroup;
			children = (
				39374E7D16BD5C16004DF1FC /* QueryManager-Info.plist */,
				39374E7E16BD5C16004DF1FC /* InfoPlist.strings */,
				39374E8116BD5C16004DF1FC /* main.m */,
				39374E8316BD5C16004DF1FC /* QueryManager-Prefix.pch */,
				39374E8716BD5C16004DF1FC /* Default.png */,
				39374E8916BD5C16004DF1FC /* Default@2x.png */,
				39374E8B16BD5C16004DF1FC /* Default-568h@2x.png */,
			);
			name = "Supporting Files";
			sourceTree = "<group>";
		};
		39374E9916BD5C16004DF1FC /* QueryManagerTests */ = {
			isa = PBXGroup;
			children = (
				39374EB616BD5D0D004DF1FC /* QueryConcrete.h */,
				39374EB716BD5D0D004DF1FC /* QueryConcrete.m */,
				39374E9F16BD5C16004DF1FC /* QueryManagerTests.h */,
				39374EA016BD5C16004DF1FC /* QueryManagerTests.m */,
				39374E9A16BD5C16004DF1FC /* Supporting Files */,
				39374ED116BEBD40004DF1FC /* Logger.h */,
				39374ED216BEBD40004DF1FC /* Logger.m */,
			);
			path = QueryManagerTests;
			sourceTree = "<group>";
		};
		39374E9A16BD5C16004DF1FC /* Supporting Files */ = {
			isa = PBXGroup;
			children = (
				39374E9B16BD5C16004DF1FC /* QueryManagerTests-Info.plist */,
				39374E9C16BD5C16004DF1FC /* InfoPlist.strings */,
			);
			name = "Supporting Files";
			sourceTree = "<group>";
		};
/* End PBXGroup section */

/* Begin PBXNativeTarget section */
		39374E7016BD5C16004DF1FC /* QueryManager */ = {
			isa = PBXNativeTarget;
			buildConfigurationList = 39374EA416BD5C16004DF1FC /* Build configuration list for PBXNativeTarget "QueryManager" */;
			buildPhases = (
				49C023F3D18F4A259659E157 /* Check Pods Manifest.lock */,
				39374E6D16BD5C16004DF1FC /* Sources */,
				39374E6E16BD5C16004DF1FC /* Frameworks */,
				39374E6F16BD5C16004DF1FC /* Resources */,
				CC8757EE3BB943F9A9C857EF /* Copy Pods Resources */,
			);
			buildRules = (
			);
			dependencies = (
			);
			name = QueryManager;
			productName = QueryManager;
			productReference = 39374E7116BD5C16004DF1FC /* QueryManager.app */;
			productType = "com.apple.product-type.application";
		};
		39374E9116BD5C16004DF1FC /* QueryManagerTests */ = {
			isa = PBXNativeTarget;
			buildConfigurationList = 39374EA716BD5C16004DF1FC /* Build configuration list for PBXNativeTarget "QueryManagerTests" */;
			buildPhases = (
				39374E8D16BD5C16004DF1FC /* Sources */,
				39374E8E16BD5C16004DF1FC /* Frameworks */,
				39374E8F16BD5C16004DF1FC /* Resources */,
				39374E9016BD5C16004DF1FC /* ShellScript */,
			);
			buildRules = (
			);
			dependencies = (
				39374E9816BD5C16004DF1FC /* PBXTargetDependency */,
			);
			name = QueryManagerTests;
			productName = QueryManagerTests;
			productReference = 39374E9216BD5C16004DF1FC /* QueryManagerTests.octest */;
			productType = "com.apple.product-type.bundle";
		};
/* End PBXNativeTarget section */

/* Begin PBXProject section */
		39374E6816BD5C16004DF1FC /* Project object */ = {
			isa = PBXProject;
			attributes = {
				CLASSPREFIX = Pervasive;
				LastUpgradeCheck = 0450;
				ORGANIZATIONNAME = Pervasive;
			};
			buildConfigurationList = 39374E6B16BD5C16004DF1FC /* Build configuration list for PBXProject "QueryManager" */;
			compatibilityVersion = "Xcode 3.2";
			developmentRegion = English;
			hasScannedForEncodings = 0;
			knownRegions = (
				en,
			);
			mainGroup = 39374E6616BD5C16004DF1FC;
			productRefGroup = 39374E7216BD5C16004DF1FC /* Products */;
			projectDirPath = "";
			projectReferences = (
			);
			projectRoot = "";
			targets = (
				39374E7016BD5C16004DF1FC /* QueryManager */,
				39374E9116BD5C16004DF1FC /* QueryManagerTests */,
			);
		};
/* End PBXProject section */

/* Begin PBXResourcesBuildPhase section */
		39374E6F16BD5C16004DF1FC /* Resources */ = {
			isa = PBXResourcesBuildPhase;
			buildActionMask = 2147483647;
			files = (
				39374E8016BD5C16004DF1FC /* InfoPlist.strings in Resources */,
				39374E8816BD5C16004DF1FC /* Default.png in Resources */,
				39374E8A16BD5C16004DF1FC /* Default@2x.png in Resources */,
				39374E8C16BD5C16004DF1FC /* Default-568h@2x.png in Resources */,
			);
			runOnlyForDeploymentPostprocessing = 0;
		};
		39374E8F16BD5C16004DF1FC /* Resources */ = {
			isa = PBXResourcesBuildPhase;
			buildActionMask = 2147483647;
			files = (
				39374E9E16BD5C16004DF1FC /* InfoPlist.strings in Resources */,
			);
			runOnlyForDeploymentPostprocessing = 0;
		};
/* End PBXResourcesBuildPhase section */

/* Begin PBXShellScriptBuildPhase section */
		39374E9016BD5C16004DF1FC /* ShellScript */ = {
			isa = PBXShellScriptBuildPhase;
			buildActionMask = 2147483647;
			files = (
			);
			inputPaths = (
			);
			outputPaths = (
			);
			runOnlyForDeploymentPostprocessing = 0;
			shellPath = /bin/sh;
			shellScript = "# Run the unit tests in this test bundle.\n\"${SYSTEM_DEVELOPER_DIR}/Tools/RunUnitTests\"\n";
		};
		49C023F3D18F4A259659E157 /* Check Pods Manifest.lock */ = {
			isa = PBXShellScriptBuildPhase;
			buildActionMask = 2147483647;
			files = (
			);
			inputPaths = (
			);
			name = "Check Pods Manifest.lock";
			outputPaths = (
			);
			runOnlyForDeploymentPostprocessing = 0;
			shellPath = /bin/sh;
			shellScript = "diff \"${PODS_ROOT}/../Podfile.lock\" \"${PODS_ROOT}/Manifest.lock\" > /dev/null\nif [[ $? != 0 ]] ; then\n    cat << EOM\nerror: The sandbox is not in sync with the Podfile.lock. Run 'pod install' or update your CocoaPods installation.\nEOM\n    exit 1\nfi\n";
			showEnvVarsInLog = 1;
		};
		CC8757EE3BB943F9A9C857EF /* Copy Pods Resources */ = {
			isa = PBXShellScriptBuildPhase;
			buildActionMask = 2147483647;
			files = (
			);
			inputPaths = (
			);
			name = "Copy Pods Resources";
			outputPaths = (
			);
			runOnlyForDeploymentPostprocessing = 0;
			shellPath = /bin/sh;
			shellScript = "\"${SRCROOT}/Pods/Pods-resources.sh\"\n";
			showEnvVarsInLog = 1;
		};
/* End PBXShellScriptBuildPhase section */

/* Begin PBXSourcesBuildPhase section */
		39374E6D16BD5C16004DF1FC /* Sources */ = {
			isa = PBXSourcesBuildPhase;
			buildActionMask = 2147483647;
			files = (
				39374EE216BEFBBF004DF1FC /* Logger.m in Sources */,
				39374EC116BD95B0004DF1FC /* QueryConcrete.m in Sources */,
				39374E8216BD5C16004DF1FC /* main.m in Sources */,
				39374E8616BD5C16004DF1FC /* PervasiveAppDelegate.m in Sources */,
				39374EAC16BD5C6A004DF1FC /* Query.m in Sources */,
				39374EAF16BD5C7A004DF1FC /* Queue.m in Sources */,
				39374EB216BD5C9A004DF1FC /* QueryTicket.m in Sources */,
				39374EB516BD5CA6004DF1FC /* QueryManager.m in Sources */,
			);
			runOnlyForDeploymentPostprocessing = 0;
		};
		39374E8D16BD5C16004DF1FC /* Sources */ = {
			isa = PBXSourcesBuildPhase;
			buildActionMask = 2147483647;
			files = (
				39374EA116BD5C16004DF1FC /* QueryManagerTests.m in Sources */,
				39374EB816BD5D0D004DF1FC /* QueryConcrete.m in Sources */,
				39374ED316BEBD41004DF1FC /* Logger.m in Sources */,
			);
			runOnlyForDeploymentPostprocessing = 0;
		};
/* End PBXSourcesBuildPhase section */

/* Begin PBXTargetDependency section */
		39374E9816BD5C16004DF1FC /* PBXTargetDependency */ = {
			isa = PBXTargetDependency;
			target = 39374E7016BD5C16004DF1FC /* QueryManager */;
			targetProxy = 39374E9716BD5C16004DF1FC /* PBXContainerItemProxy */;
		};
/* End PBXTargetDependency section */

/* Begin PBXVariantGroup section */
		39374E7E16BD5C16004DF1FC /* InfoPlist.strings */ = {
			isa = PBXVariantGroup;
			children = (
				39374E7F16BD5C16004DF1FC /* en */,
			);
			name = InfoPlist.strings;
			sourceTree = "<group>";
		};
		39374E9C16BD5C16004DF1FC /* InfoPlist.strings */ = {
			isa = PBXVariantGroup;
			children = (
				39374E9D16BD5C16004DF1FC /* en */,
			);
			name = InfoPlist.strings;
			sourceTree = "<group>";
		};
/* End PBXVariantGroup section */

/* Begin XCBuildConfiguration section */
		39374EA216BD5C16004DF1FC /* Debug */ = {
			isa = XCBuildConfiguration;
			buildSettings = {
				ALWAYS_SEARCH_USER_PATHS = NO;
				CLANG_CXX_LANGUAGE_STANDARD = "gnu++0x";
				CLANG_CXX_LIBRARY = "libc++";
				CLANG_ENABLE_OBJC_ARC = YES;
				CLANG_WARN_EMPTY_BODY = YES;
				CLANG_WARN__DUPLICATE_METHOD_MATCH = YES;
				"CODE_SIGN_IDENTITY[sdk=iphoneos*]" = "iPhone Developer";
				COPY_PHASE_STRIP = NO;
				GCC_C_LANGUAGE_STANDARD = gnu99;
				GCC_DYNAMIC_NO_PIC = NO;
				GCC_OPTIMIZATION_LEVEL = 0;
				GCC_PREPROCESSOR_DEFINITIONS = (
					"DEBUG=1",
					"$(inherited)",
				);
				GCC_SYMBOLS_PRIVATE_EXTERN = NO;
				GCC_WARN_ABOUT_RETURN_TYPE = YES;
				GCC_WARN_UNINITIALIZED_AUTOS = YES;
				GCC_WARN_UNUSED_VARIABLE = YES;
				IPHONEOS_DEPLOYMENT_TARGET = 6.0;
				ONLY_ACTIVE_ARCH = YES;
				SDKROOT = iphoneos;
				TARGETED_DEVICE_FAMILY = "1,2";
			};
			name = Debug;
		};
		39374EA316BD5C16004DF1FC /* Release */ = {
			isa = XCBuildConfiguration;
			buildSettings = {
				ALWAYS_SEARCH_USER_PATHS = NO;
				CLANG_CXX_LANGUAGE_STANDARD = "gnu++0x";
				CLANG_CXX_LIBRARY = "libc++";
				CLANG_ENABLE_OBJC_ARC = YES;
				CLANG_WARN_EMPTY_BODY = YES;
				CLANG_WARN__DUPLICATE_METHOD_MATCH = YES;
				"CODE_SIGN_IDENTITY[sdk=iphoneos*]" = "iPhone Developer";
				COPY_PHASE_STRIP = YES;
				GCC_C_LANGUAGE_STANDARD = gnu99;
				GCC_WARN_ABOUT_RETURN_TYPE = YES;
				GCC_WARN_UNINITIALIZED_AUTOS = YES;
				GCC_WARN_UNUSED_VARIABLE = YES;
				IPHONEOS_DEPLOYMENT_TARGET = 6.0;
				OTHER_CFLAGS = "-DNS_BLOCK_ASSERTIONS=1";
				SDKROOT = iphoneos;
				TARGETED_DEVICE_FAMILY = "1,2";
				VALIDATE_PRODUCT = YES;
			};
			name = Release;
		};
		39374EA516BD5C16004DF1FC /* Debug */ = {
			isa = XCBuildConfiguration;
			baseConfigurationReference = 837EAEA557E4411C9CA8C869 /* Pods.xcconfig */;
			buildSettings = {
				GCC_PRECOMPILE_PREFIX_HEADER = YES;
				GCC_PREFIX_HEADER = "QueryManager/QueryManager-Prefix.pch";
				INFOPLIST_FILE = "QueryManager/QueryManager-Info.plist";
				PRODUCT_NAME = "$(TARGET_NAME)";
				WRAPPER_EXTENSION = app;
			};
			name = Debug;
		};
		39374EA616BD5C16004DF1FC /* Release */ = {
			isa = XCBuildConfiguration;
			baseConfigurationReference = 837EAEA557E4411C9CA8C869 /* Pods.xcconfig */;
			buildSettings = {
				GCC_PRECOMPILE_PREFIX_HEADER = YES;
				GCC_PREFIX_HEADER = "QueryManager/QueryManager-Prefix.pch";
				INFOPLIST_FILE = "QueryManager/QueryManager-Info.plist";
				PRODUCT_NAME = "$(TARGET_NAME)";
				WRAPPER_EXTENSION = app;
			};
			name = Release;
		};
		39374EA816BD5C16004DF1FC /* Debug */ = {
			isa = XCBuildConfiguration;
			buildSettings = {
				BUNDLE_LOADER = "$(BUILT_PRODUCTS_DIR)/QueryManager.app/QueryManager";
				FRAMEWORK_SEARCH_PATHS = (
					"\"$(SDKROOT)/Developer/Library/Frameworks\"",
					"\"$(DEVELOPER_LIBRARY_DIR)/Frameworks\"",
				);
				GCC_PRECOMPILE_PREFIX_HEADER = YES;
				GCC_PREFIX_HEADER = "QueryManager/QueryManager-Prefix.pch";
				INFOPLIST_FILE = "QueryManagerTests/QueryManagerTests-Info.plist";
				PRODUCT_NAME = "$(TARGET_NAME)";
				TEST_HOST = "$(BUNDLE_LOADER)";
				WRAPPER_EXTENSION = octest;
			};
			name = Debug;
		};
		39374EA916BD5C16004DF1FC /* Release */ = {
			isa = XCBuildConfiguration;
			buildSettings = {
				BUNDLE_LOADER = "$(BUILT_PRODUCTS_DIR)/QueryManager.app/QueryManager";
				FRAMEWORK_SEARCH_PATHS = (
					"\"$(SDKROOT)/Developer/Library/Frameworks\"",
					"\"$(DEVELOPER_LIBRARY_DIR)/Frameworks\"",
				);
				GCC_PRECOMPILE_PREFIX_HEADER = YES;
				GCC_PREFIX_HEADER = "QueryManager/QueryManager-Prefix.pch";
				INFOPLIST_FILE = "QueryManagerTests/QueryManagerTests-Info.plist";
				PRODUCT_NAME = "$(TARGET_NAME)";
				TEST_HOST = "$(BUNDLE_LOADER)";
				WRAPPER_EXTENSION = octest;
			};
			name = Release;
		};
/* End XCBuildConfiguration section */

/* Begin XCConfigurationList section */
		39374E6B16BD5C16004DF1FC /* Build configuration list for PBXProject "QueryManager" */ = {
			isa = XCConfigurationList;
			buildConfigurations = (
				39374EA216BD5C16004DF1FC /* Debug */,
				39374EA316BD5C16004DF1FC /* Release */,
			);
			defaultConfigurationIsVisible = 0;
			defaultConfigurationName = Release;
		};
		39374EA416BD5C16004DF1FC /* Build configuration list for PBXNativeTarget "QueryManager" */ = {
			isa = XCConfigurationList;
			buildConfigurations = (
				39374EA516BD5C16004DF1FC /* Debug */,
				39374EA616BD5C16004DF1FC /* Release */,
			);
			defaultConfigurationIsVisible = 0;
			defaultConfigurationName = Release;
		};
		39374EA716BD5C16004DF1FC /* Build configuration list for PBXNativeTarget "QueryManagerTests" */ = {
			isa = XCConfigurationList;
			buildConfigurations = (
				39374EA816BD5C16004DF1FC /* Debug */,
				39374EA916BD5C16004DF1FC /* Release */,
			);
			defaultConfigurationIsVisible = 0;
			defaultConfigurationName = Release;
		};
/* End XCConfigurationList section */
	};
	rootObject = 39374E6816BD5C16004DF1FC /* Project object */;
}
